// !$*UTF8*$!
{
	archiveVersion = 1;
	classes = {
	};
	objectVersion = 46;
	objects = {

/* Begin PBXBuildFile section */
		F1E6BB531D5930B200F045B1 /* AppDelegate.swift in Sources */ = {isa = PBXBuildFile; fileRef = F1E6BB521D5930B200F045B1 /* AppDelegate.swift */; };
		F1E6BB581D5930B200F045B1 /* Main.storyboard in Resources */ = {isa = PBXBuildFile; fileRef = F1E6BB561D5930B200F045B1 /* Main.storyboard */; };
		F1E6BB5A1D5930B200F045B1 /* Assets.xcassets in Resources */ = {isa = PBXBuildFile; fileRef = F1E6BB591D5930B200F045B1 /* Assets.xcassets */; };
		F1E6BB5D1D5930B200F045B1 /* LaunchScreen.storyboard in Resources */ = {isa = PBXBuildFile; fileRef = F1E6BB5B1D5930B200F045B1 /* LaunchScreen.storyboard */; };
		F1E6BB691D59354600F045B1 /* Contato.swift in Sources */ = {isa = PBXBuildFile; fileRef = F1E6BB681D59354600F045B1 /* Contato.swift */; };
		F1E6BB6B1D59359400F045B1 /* ContatosTableViewController.swift in Sources */ = {isa = PBXBuildFile; fileRef = F1E6BB6A1D59359400F045B1 /* ContatosTableViewController.swift */; };
		F1E6BB6D1D5935B900F045B1 /* ContatoTableViewCell.swift in Sources */ = {isa = PBXBuildFile; fileRef = F1E6BB6C1D5935B900F045B1 /* ContatoTableViewCell.swift */; };
		F1E6BB6F1D593D9800F045B1 /* step-by-step in Resources */ = {isa = PBXBuildFile; fileRef = F1E6BB6E1D593D9800F045B1 /* step-by-step */; };
/* End PBXBuildFile section */

/* Begin PBXFileReference section */
		F1E6BB4F1D5930B200F045B1 /* AulaTableView.app */ = {isa = PBXFileReference; explicitFileType = wrapper.application; includeInIndex = 0; path = AulaTableView.app; sourceTree = BUILT_PRODUCTS_DIR; };
		F1E6BB521D5930B200F045B1 /* AppDelegate.swift */ = {isa = PBXFileReference; lastKnownFileType = sourcecode.swift; path = AppDelegate.swift; sourceTree = "<group>"; };
		F1E6BB571D5930B200F045B1 /* Base */ = {isa = PBXFileReference; lastKnownFileType = file.storyboard; name = Base; path = Base.lproj/Main.storyboard; sourceTree = "<group>"; };
		F1E6BB591D5930B200F045B1 /* Assets.xcassets */ = {isa = PBXFileReference; lastKnownFileType = folder.assetcatalog; path = Assets.xcassets; sourceTree = "<group>"; };
		F1E6BB5C1D5930B200F045B1 /* Base */ = {isa = PBXFileReference; lastKnownFileType = file.storyboard; name = Base; path = Base.lproj/LaunchScreen.storyboard; sourceTree = "<group>"; };
		F1E6BB5E1D5930B200F045B1 /* Info.plist */ = {isa = PBXFileReference; lastKnownFileType = text.plist.xml; path = Info.plist; sourceTree = "<group>"; };
		F1E6BB681D59354600F045B1 /* Contato.swift */ = {isa = PBXFileReference; fileEncoding = 4; lastKnownFileType = sourcecode.swift; path = Contato.swift; sourceTree = "<group>"; };
		F1E6BB6A1D59359400F045B1 /* ContatosTableViewController.swift */ = {isa = PBXFileReference; fileEncoding = 4; lastKnownFileType = sourcecode.swift; path = ContatosTableViewController.swift; sourceTree = "<group>"; };
		F1E6BB6C1D5935B900F045B1 /* ContatoTableViewCell.swift */ = {isa = PBXFileReference; fileEncoding = 4; lastKnownFileType = sourcecode.swift; path = ContatoTableViewCell.swift; sourceTree = "<group>"; };
		F1E6BB6E1D593D9800F045B1 /* step-by-step */ = {isa = PBXFileReference; fileEncoding = 4; lastKnownFileType = text; path = "step-by-step"; sourceTree = "<group>"; };
/* End PBXFileReference section */

/* Begin PBXFrameworksBuildPhase section */
		F1E6BB4C1D5930B200F045B1 /* Frameworks */ = {
			isa = PBXFrameworksBuildPhase;
			buildActionMask = 2147483647;
			files = (
			);
			runOnlyForDeploymentPostprocessing = 0;
		};
/* End PBXFrameworksBuildPhase section */

/* Begin PBXGroup section */
		F1E6BB461D5930B200F045B1 = {
			isa = PBXGroup;
			children = (
				F1E6BB511D5930B200F045B1 /* AulaTableView */,
				F1E6BB501D5930B200F045B1 /* Products */,
			);
			sourceTree = "<group>";
		};
		F1E6BB501D5930B200F045B1 /* Products */ = {
			isa = PBXGroup;
			children = (
				F1E6BB4F1D5930B200F045B1 /* AulaTableView.app */,
			);
			name = Products;
			sourceTree = "<group>";
		};
		F1E6BB511D5930B200F045B1 /* AulaTableView */ = {
			isa = PBXGroup;
			children = (
				F1E6BB6E1D593D9800F045B1 /* step-by-step */,
				F1E6BB671D5933E400F045B1 /* Model */,
				F1E6BB651D5933C800F045B1 /* View */,
				F1E6BB661D5933DE00F045B1 /* Controller */,
				F1E6BB591D5930B200F045B1 /* Assets.xcassets */,
				F1E6BB641D5930CE00F045B1 /* Supporting Files */,
			);
			path = AulaTableView;
			sourceTree = "<group>";
		};
		F1E6BB641D5930CE00F045B1 /* Supporting Files */ = {
			isa = PBXGroup;
			children = (
				F1E6BB521D5930B200F045B1 /* AppDelegate.swift */,
				F1E6BB5B1D5930B200F045B1 /* LaunchScreen.storyboard */,
				F1E6BB5E1D5930B200F045B1 /* Info.plist */,
			);
			name = "Supporting Files";
			sourceTree = "<group>";
		};
		F1E6BB651D5933C800F045B1 /* View */ = {
			isa = PBXGroup;
			children = (
				F1E6BB561D5930B200F045B1 /* Main.storyboard */,
			);
			name = View;
			sourceTree = "<group>";
		};
		F1E6BB661D5933DE00F045B1 /* Controller */ = {
			isa = PBXGroup;
			children = (
				F1E6BB6A1D59359400F045B1 /* ContatosTableViewController.swift */,
			);
			name = Controller;
			sourceTree = "<group>";
		};
		F1E6BB671D5933E400F045B1 /* Model */ = {
			isa = PBXGroup;
			children = (
				F1E6BB681D59354600F045B1 /* Contato.swift */,
				F1E6BB6C1D5935B900F045B1 /* ContatoTableViewCell.swift */,
			);
			name = Model;
			sourceTree = "<group>";
		};
/* End PBXGroup section */

/* Begin PBXNativeTarget section */
		F1E6BB4E1D5930B200F045B1 /* AulaTableView */ = {
			isa = PBXNativeTarget;
			buildConfigurationList = F1E6BB611D5930B200F045B1 /* Build configuration list for PBXNativeTarget "AulaTableView" */;
			buildPhases = (
				F1E6BB4B1D5930B200F045B1 /* Sources */,
				F1E6BB4C1D5930B200F045B1 /* Frameworks */,
				F1E6BB4D1D5930B200F045B1 /* Resources */,
			);
			buildRules = (
			);
			dependencies = (
			);
			name = AulaTableView;
			productName = AulaTableView;
			productReference = F1E6BB4F1D5930B200F045B1 /* AulaTableView.app */;
			productType = "com.apple.product-type.application";
		};
/* End PBXNativeTarget section */

/* Begin PBXProject section */
		F1E6BB471D5930B200F045B1 /* Project object */ = {
			isa = PBXProject;
			attributes = {
				LastSwiftUpdateCheck = 0730;
				LastUpgradeCheck = 0730;
				ORGANIZATIONNAME = "Tiago - Eldorado";
				TargetAttributes = {
					F1E6BB4E1D5930B200F045B1 = {
						CreatedOnToolsVersion = 7.3;
					};
				};
			};
			buildConfigurationList = F1E6BB4A1D5930B200F045B1 /* Build configuration list for PBXProject "AulaTableView" */;
			compatibilityVersion = "Xcode 3.2";
			developmentRegion = English;
			hasScannedForEncodings = 0;
			knownRegions = (
				en,
				Base,
			);
			mainGroup = F1E6BB461D5930B200F045B1;
			productRefGroup = F1E6BB501D5930B200F045B1 /* Products */;
			projectDirPath = "";
			projectRoot = "";
			targets = (
				F1E6BB4E1D5930B200F045B1 /* AulaTableView */,
			);
		};
/* End PBXProject section */

/* Begin PBXResourcesBuildPhase section */
		F1E6BB4D1D5930B200F045B1 /* Resources */ = {
			isa = PBXResourcesBuildPhase;
			buildActionMask = 2147483647;
			files = (
				F1E6BB5D1D5930B200F045B1 /* LaunchScreen.storyboard in Resources */,
				F1E6BB6F1D593D9800F045B1 /* step-by-step in Resources */,
				F1E6BB5A1D5930B200F045B1 /* Assets.xcassets in Resources */,
				F1E6BB581D5930B200F045B1 /* Main.storyboard in Resources */,
			);
			runOnlyForDeploymentPostprocessing = 0;
		};
/* End PBXResourcesBuildPhase section */

/* Begin PBXSourcesBuildPhase section */
		F1E6BB4B1D5930B200F045B1 /* Sources */ = {
			isa = PBXSourcesBuildPhase;
			buildActionMask = 2147483647;
			files = (
				F1E6BB6D1D5935B900F045B1 /* ContatoTableViewCell.swift in Sources */,
				F1E6BB6B1D59359400F045B1 /* ContatosTableViewController.swift in Sources */,
				F1E6BB691D59354600F045B1 /* Contato.swift in Sources */,
				F1E6BB531D5930B200F045B1 /* AppDelegate.swift in Sources */,
			);
			runOnlyForDeploymentPostprocessing = 0;
		};
/* End PBXSourcesBuildPhase section */

/* Begin PBXVariantGroup section */
		F1E6BB561D5930B200F045B1 /* Main.storyboard */ = {
			isa = PBXVariantGroup;
			children = (
				F1E6BB571D5930B200F045B1 /* Base */,
			);
			name = Main.storyboard;
			sourceTree = "<group>";
		};
		F1E6BB5B1D5930B200F045B1 /* LaunchScreen.storyboard */ = {
			isa = PBXVariantGroup;
			children = (
				F1E6BB5C1D5930B200F045B1 /* Base */,
			);
			name = LaunchScreen.storyboard;
			sourceTree = "<group>";
		};
/* End PBXVariantGroup section */

/* Begin XCBuildConfiguration section */
		F1E6BB5F1D5930B200F045B1 /* Debug */ = {
			isa = XCBuildConfiguration;
			buildSettings = {
				ALWAYS_SEARCH_USER_PATHS = NO;
				CLANG_ANALYZER_NONNULL = YES;
				CLANG_CXX_LANGUAGE_STANDARD = "gnu++0x";
				CLANG_CXX_LIBRARY = "libc++";
				CLANG_ENABLE_MODULES = YES;
				CLANG_ENABLE_OBJC_ARC = YES;
				CLANG_WARN_BOOL_CONVERSION = YES;
				CLANG_WARN_CONSTANT_CONVERSION = YES;
				CLANG_WARN_DIRECT_OBJC_ISA_USAGE = YES_ERROR;
				CLANG_WARN_EMPTY_BODY = YES;
				CLANG_WARN_ENUM_CONVERSION = YES;
				CLANG_WARN_INT_CONVERSION = YES;
				CLANG_WARN_OBJC_ROOT_CLASS = YES_ERROR;
				CLANG_WARN_UNREACHABLE_CODE = YES;
				CLANG_WARN__DUPLICATE_METHOD_MATCH = YES;
				"CODE_SIGN_IDENTITY[sdk=iphoneos*]" = "iPhone Developer";
				COPY_PHASE_STRIP = NO;
				DEBUG_INFORMATION_FORMAT = dwarf;
				ENABLE_STRICT_OBJC_MSGSEND = YES;
				ENABLE_TESTABILITY = YES;
				GCC_C_LANGUAGE_STANDARD = gnu99;
				GCC_DYNAMIC_NO_PIC = NO;
				GCC_NO_COMMON_BLOCKS = YES;
				GCC_OPTIMIZATION_LEVEL = 0;
				GCC_PREPROCESSOR_DEFINITIONS = (
					"DEBUG=1",
					"$(inherited)",
				);
				GCC_WARN_64_TO_32_BIT_CONVERSION = YES;
				GCC_WARN_ABOUT_RETURN_TYPE = YES_ERROR;
				GCC_WARN_UNDECLARED_SELECTOR = YES;
				GCC_WARN_UNINITIALIZED_AUTOS = YES_AGGRESSIVE;
				GCC_WARN_UNUSED_FUNCTION = YES;
				GCC_WARN_UNUSED_VARIABLE = YES;
				IPHONEOS_DEPLOYMENT_TARGET = 9.3;
				MTL_ENABLE_DEBUG_INFO = YES;
				ONLY_ACTIVE_ARCH = YES;
				SDKROOT = iphoneos;
				SWIFT_OPTIMIZATION_LEVEL = "-Onone";
				TARGETED_DEVICE_FAMILY = "1,2";
			};
			name = Debug;
		};
		F1E6BB601D5930B200F045B1 /* Release */ = {
			isa = XCBuildConfiguration;
			buildSettings = {
				ALWAYS_SEARCH_USER_PATHS = NO;
				CLANG_ANALYZER_NONNULL = YES;
				CLANG_CXX_LANGUAGE_STANDARD = "gnu++0x";
				CLANG_CXX_LIBRARY = "libc++";
				CLANG_ENABLE_MODULES = YES;
				CLANG_ENABLE_OBJC_ARC = YES;
				CLANG_WARN_BOOL_CONVERSION = YES;
				CLANG_WARN_CONSTANT_CONVERSION = YES;
				CLANG_WARN_DIRECT_OBJC_ISA_USAGE = YES_ERROR;
				CLANG_WARN_EMPTY_BODY = YES;
				CLANG_WARN_ENUM_CONVERSION = YES;
				CLANG_WARN_INT_CONVERSION = YES;
				CLANG_WARN_OBJC_ROOT_CLASS = YES_ERROR;
				CLANG_WARN_UNREACHABLE_CODE = YES;
				CLANG_WARN__DUPLICATE_METHOD_MATCH = YES;
				"CODE_SIGN_IDENTITY[sdk=iphoneos*]" = "iPhone Developer";
				COPY_PHASE_STRIP = NO;
				DEBUG_INFORMATION_FORMAT = "dwarf-with-dsym";
				ENABLE_NS_ASSERTIONS = NO;
				ENABLE_STRICT_OBJC_MSGSEND = YES;
				GCC_C_LANGUAGE_STANDARD = gnu99;
				GCC_NO_COMMON_BLOCKS = YES;
				GCC_WARN_64_TO_32_BIT_CONVERSION = YES;
				GCC_WARN_ABOUT_RETURN_TYPE = YES_ERROR;
				GCC_WARN_UNDECLARED_SELECTOR = YES;
				GCC_WARN_UNINITIALIZED_AUTOS = YES_AGGRESSIVE;
				GCC_WARN_UNUSED_FUNCTION = YES;
				GCC_WARN_UNUSED_VARIABLE = YES;
				IPHONEOS_DEPLOYMENT_TARGET = 9.3;
				MTL_ENABLE_DEBUG_INFO = NO;
				SDKROOT = iphoneos;
				TARGETED_DEVICE_FAMILY = "1,2";
				VALIDATE_PRODUCT = YES;
			};
			name = Release;
		};
		F1E6BB621D5930B200F045B1 /* Debug */ = {
			isa = XCBuildConfiguration;
			buildSettings = {
				ASSETCATALOG_COMPILER_APPICON_NAME = AppIcon;
				INFOPLIST_FILE = AulaTableView/Info.plist;
				LD_RUNPATH_SEARCH_PATHS = "$(inherited) @executable_path/Frameworks";
				PRODUCT_BUNDLE_IDENTIFIER = br.org.eldorado.tiago.AulaTableView;
				PRODUCT_NAME = "$(TARGET_NAME)";
			};
			name = Debug;
		};
		F1E6BB631D5930B200F045B1 /* Release */ = {
			isa = XCBuildConfiguration;
			buildSettings = {
				ASSETCATALOG_COMPILER_APPICON_NAME = AppIcon;
				INFOPLIST_FILE = AulaTableView/Info.plist;
				LD_RUNPATH_SEARCH_PATHS = "$(inherited) @executable_path/Frameworks";
				PRODUCT_BUNDLE_IDENTIFIER = br.org.eldorado.tiago.AulaTableView;
				PRODUCT_NAME = "$(TARGET_NAME)";
			};
			name = Release;
		};
/* End XCBuildConfiguration section */

/* Begin XCConfigurationList section */
		F1E6BB4A1D5930B200F045B1 /* Build configuration list for PBXProject "AulaTableView" */ = {
			isa = XCConfigurationList;
			buildConfigurations = (
				F1E6BB5F1D5930B200F045B1 /* Debug */,
				F1E6BB601D5930B200F045B1 /* Release */,
			);
			defaultConfigurationIsVisible = 0;
			defaultConfigurationName = Release;
		};
		F1E6BB611D5930B200F045B1 /* Build configuration list for PBXNativeTarget "AulaTableView" */ = {
			isa = XCConfigurationList;
			buildConfigurations = (
				F1E6BB621D5930B200F045B1 /* Debug */,
				F1E6BB631D5930B200F045B1 /* Release */,
			);
			defaultConfigurationIsVisible = 0;
		};
/* End XCConfigurationList section */
	};
	rootObject = F1E6BB471D5930B200F045B1 /* Project object */;
}
